
Microsoft Visual Studio Solution File, Format Version 12.00
# Visual Studio Version 16
VisualStudioVersion = 16.0.808.2
MinimumVisualStudioVersion = 10.0.40219.1
Project("{FAE04EC0-301F-11D3-BF4B-00C04F79EFBC}") = "hc-diag", "hc-diag.csproj", "{D161475D-C47B-45A8-845E-26C02B605D91}"
EndProject
Global
	GlobalSection(SolutionConfigurationPlatforms) = preSolution
		Debug|Any CPU = Debug|Any CPU
		Release|Any CPU = Release|Any CPU
	EndGlobalSection
	GlobalSection(ProjectConfigurationPlatforms) = postSolution
		{D161475D-C47B-45A8-845E-26C02B605D91}.Debug|Any CPU.ActiveCfg = Debug|Any CPU
		{D161475D-C47B-45A8-845E-26C02B605D91}.Debug|Any CPU.Build.0 = Debug|Any CPU
		{D161475D-C47B-45A8-845E-26C02B605D91}.Release|Any CPU.ActiveCfg = Release|Any CPU
		{D161475D-C47B-45A8-845E-26C02B605D91}.Release|Any CPU.Build.0 = Release|Any CPU
	EndGlobalSection
	GlobalSection(SolutionProperties) = preSolution
		HideSolutionNode = FALSE
	EndGlobalSection
	GlobalSection(ExtensibilityGlobals) = postSolution
		SolutionGuid = {34CFF1BE-5B7A-4161-BB9B-768396A701F6}
	EndGlobalSection
EndGlobal
